
Microsoft Visual Studio Solution File, Format Version 12.00
# Visual Studio Version 17
VisualStudioVersion = 17.3.32929.385
MinimumVisualStudioVersion = 10.0.40219.1
Project("{FAE04EC0-301F-11D3-BF4B-00C04F79EFBC}") = "MovieHander", "MovieHander\MovieHander.csproj", "{ACE263ED-8116-4179-A254-B45D654570DF}"
EndProject
Project("{FAE04EC0-301F-11D3-BF4B-00C04F79EFBC}") = "MovieLibrary", "MovieLibrary\MovieLibrary.csproj", "{7DF83ABB-0530-41CF-A3EA-A48E4973A999}"
EndProject
Project("{FAE04EC0-301F-11D3-BF4B-00C04F79EFBC}") = "Models", "Models\Models.csproj", "{7F512880-1064-478C-A4AB-923AF5A22422}"
EndProject
Global
	GlobalSection(SolutionConfigurationPlatforms) = preSolution
		Debug|Any CPU = Debug|Any CPU
		Release|Any CPU = Release|Any CPU
	EndGlobalSection
	GlobalSection(ProjectConfigurationPlatforms) = postSolution
		{ACE263ED-8116-4179-A254-B45D654570DF}.Debug|Any CPU.ActiveCfg = Debug|Any CPU
		{ACE263ED-8116-4179-A254-B45D654570DF}.Debug|Any CPU.Build.0 = Debug|Any CPU
		{ACE263ED-8116-4179-A254-B45D654570DF}.Release|Any CPU.ActiveCfg = Release|Any CPU
		{ACE263ED-8116-4179-A254-B45D654570DF}.Release|Any CPU.Build.0 = Release|Any CPU
		{7DF83ABB-0530-41CF-A3EA-A48E4973A999}.Debug|Any CPU.ActiveCfg = Debug|Any CPU
		{7DF83ABB-0530-41CF-A3EA-A48E4973A999}.Debug|Any CPU.Build.0 = Debug|Any CPU
		{7DF83ABB-0530-41CF-A3EA-A48E4973A999}.Release|Any CPU.ActiveCfg = Release|Any CPU
		{7DF83ABB-0530-41CF-A3EA-A48E4973A999}.Release|Any CPU.Build.0 = Release|Any CPU
		{7F512880-1064-478C-A4AB-923AF5A22422}.Debug|Any CPU.ActiveCfg = Debug|Any CPU
		{7F512880-1064-478C-A4AB-923AF5A22422}.Debug|Any CPU.Build.0 = Debug|Any CPU
		{7F512880-1064-478C-A4AB-923AF5A22422}.Release|Any CPU.ActiveCfg = Release|Any CPU
		{7F512880-1064-478C-A4AB-923AF5A22422}.Release|Any CPU.Build.0 = Release|Any CPU
	EndGlobalSection
	GlobalSection(SolutionProperties) = preSolution
		HideSolutionNode = FALSE
	EndGlobalSection
	GlobalSection(ExtensibilityGlobals) = postSolution
		SolutionGuid = {EA72EE88-0C64-4951-AA8A-02E141D9ADE2}
	EndGlobalSection
EndGlobal
